
Microsoft Visual Studio Solution File, Format Version 12.00
# Visual Studio Version 17
VisualStudioVersion = 17.11.35312.102
MinimumVisualStudioVersion = 10.0.40219.1
Project("{FAE04EC0-301F-11D3-BF4B-00C04F79EFBC}") = "Weel15_OOP", "Weel15_OOP\Weel15_OOP.csproj", "{519E60CC-F5D0-4C36-9F96-781F5652046A}"
EndProject
Global
	GlobalSection(SolutionConfigurationPlatforms) = preSolution
		Debug|Any CPU = Debug|Any CPU
		Release|Any CPU = Release|Any CPU
	EndGlobalSection
	GlobalSection(ProjectConfigurationPlatforms) = postSolution
		{519E60CC-F5D0-4C36-9F96-781F5652046A}.Debug|Any CPU.ActiveCfg = Debug|Any CPU
		{519E60CC-F5D0-4C36-9F96-781F5652046A}.Debug|Any CPU.Build.0 = Debug|Any CPU
		{519E60CC-F5D0-4C36-9F96-781F5652046A}.Release|Any CPU.ActiveCfg = Release|Any CPU
		{519E60CC-F5D0-4C36-9F96-781F5652046A}.Release|Any CPU.Build.0 = Release|Any CPU
	EndGlobalSection
	GlobalSection(SolutionProperties) = preSolution
		HideSolutionNode = FALSE
	EndGlobalSection
	GlobalSection(ExtensibilityGlobals) = postSolution
		SolutionGuid = {3B6701E7-EA27-4E9B-91D0-E3C9B410BD24}
	EndGlobalSection
EndGlobal
